// !$*UTF8*$!
{
	archiveVersion = 1;
	classes = {
	};
	objectVersion = 56;
	objects = {

/* Begin PBXBuildFile section */
		A1B1C1D1E1F1000000000001 /* HockeyDJApp.swift in Sources */ = {isa = PBXBuildFile; fileRef = A1B1C1D1E1F1000000000011 /* HockeyDJApp.swift */; };
		A1B1C1D1E1F1000000000002 /* ContentView.swift in Sources */ = {isa = PBXBuildFile; fileRef = A1B1C1D1E1F1000000000012 /* ContentView.swift */; };
		A1B1C1D1E1F1000000000003 /* Config.swift in Sources */ = {isa = PBXBuildFile; fileRef = A1B1C1D1E1F1000000000013 /* Config.swift */; };
		A1B1C1D1E1F1000000000004 /* Persistence.swift in Sources */ = {isa = PBXBuildFile; fileRef = A1B1C1D1E1F1000000000014 /* Persistence.swift */; };
		A1B1C1D1E1F1000000000005 /* Song.swift in Sources */ = {isa = PBXBuildFile; fileRef = A1B1C1D1E1F1000000000015 /* Song.swift */; };
		A1B1C1D1E1F1000000000006 /* Playlist.swift in Sources */ = {isa = PBXBuildFile; fileRef = A1B1C1D1E1F1000000000016 /* Playlist.swift */; };
		A1B1C1D1E1F1000000000007 /* PlaylistView.swift in Sources */ = {isa = PBXBuildFile; fileRef = A1B1C1D1E1F1000000000017 /* PlaylistView.swift */; };
		A1B1C1D1E1F1000000000008 /* SongDetailView.swift in Sources */ = {isa = PBXBuildFile; fileRef = A1B1C1D1E1F1000000000018 /* SongDetailView.swift */; };
		A1B1C1D1E1F1000000000009 /* YouTubeMusicImportView.swift in Sources */ = {isa = PBXBuildFile; fileRef = A1B1C1D1E1F1000000000019 /* YouTubeMusicImportView.swift */; };
		A1B1C1D1E1F100000000000A /* AudioPlayerManager.swift in Sources */ = {isa = PBXBuildFile; fileRef = A1B1C1D1E1F100000000001A /* AudioPlayerManager.swift */; };
		A1B1C1D1E1F100000000000B /* YouTubeMusicService.swift in Sources */ = {isa = PBXBuildFile; fileRef = A1B1C1D1E1F100000000001B /* YouTubeMusicService.swift */; };
		A1B1C1D1E1F100000000000C /* Assets.xcassets in Resources */ = {isa = PBXBuildFile; fileRef = A1B1C1D1E1F100000000001C /* Assets.xcassets */; };
		A1B1C1D1E1F100000000000D /* Preview Assets.xcassets in Resources */ = {isa = PBXBuildFile; fileRef = A1B1C1D1E1F100000000001D /* Preview Assets.xcassets */; };
		A1B1C1D1E1F100000000000E /* HockeyDJ.xcdatamodeld in Sources */ = {isa = PBXBuildFile; fileRef = A1B1C1D1E1F100000000001E /* HockeyDJ.xcdatamodeld */; };
		B1B1C1D1E1F1000000001001 /* YouTubeMusicServiceLiveTests.swift in Sources */ = {isa = PBXBuildFile; fileRef = B1B1C1D1E1F1000000001002 /* YouTubeMusicServiceLiveTests.swift */; };
/* End PBXBuildFile section */

/* Begin PBXFileReference section */
		A1B1C1D1E1F1000000000010 /* HockeyDJ.app */ = {isa = PBXFileReference; explicitFileType = wrapper.application; includeInIndex = 0; path = HockeyDJ.app; sourceTree = BUILT_PRODUCTS_DIR; };
		A1B1C1D1E1F1000000000011 /* HockeyDJApp.swift */ = {isa = PBXFileReference; lastKnownFileType = sourcecode.swift; path = HockeyDJApp.swift; sourceTree = "<group>"; };
		A1B1C1D1E1F1000000000012 /* ContentView.swift */ = {isa = PBXFileReference; lastKnownFileType = sourcecode.swift; path = ContentView.swift; sourceTree = "<group>"; };
		A1B1C1D1E1F1000000000013 /* Config.swift */ = {isa = PBXFileReference; lastKnownFileType = sourcecode.swift; path = Config.swift; sourceTree = "<group>"; };
		A1B1C1D1E1F1000000000014 /* Persistence.swift */ = {isa = PBXFileReference; lastKnownFileType = sourcecode.swift; path = Persistence.swift; sourceTree = "<group>"; };
		A1B1C1D1E1F1000000000015 /* Song.swift */ = {isa = PBXFileReference; lastKnownFileType = sourcecode.swift; path = Song.swift; sourceTree = "<group>"; };
		A1B1C1D1E1F1000000000016 /* Playlist.swift */ = {isa = PBXFileReference; lastKnownFileType = sourcecode.swift; path = Playlist.swift; sourceTree = "<group>"; };
		A1B1C1D1E1F1000000000017 /* PlaylistView.swift */ = {isa = PBXFileReference; lastKnownFileType = sourcecode.swift; path = PlaylistView.swift; sourceTree = "<group>"; };
		A1B1C1D1E1F1000000000018 /* SongDetailView.swift */ = {isa = PBXFileReference; lastKnownFileType = sourcecode.swift; path = SongDetailView.swift; sourceTree = "<group>"; };
		A1B1C1D1E1F1000000000019 /* YouTubeMusicImportView.swift */ = {isa = PBXFileReference; lastKnownFileType = sourcecode.swift; path = YouTubeMusicImportView.swift; sourceTree = "<group>"; };
		A1B1C1D1E1F100000000001A /* AudioPlayerManager.swift */ = {isa = PBXFileReference; lastKnownFileType = sourcecode.swift; path = AudioPlayerManager.swift; sourceTree = "<group>"; };
		A1B1C1D1E1F100000000001B /* YouTubeMusicService.swift */ = {isa = PBXFileReference; lastKnownFileType = sourcecode.swift; path = YouTubeMusicService.swift; sourceTree = "<group>"; };
		A1B1C1D1E1F100000000001C /* Assets.xcassets */ = {isa = PBXFileReference; lastKnownFileType = folder.assetcatalog; path = Assets.xcassets; sourceTree = "<group>"; };
		A1B1C1D1E1F100000000001D /* Preview Assets.xcassets */ = {isa = PBXFileReference; lastKnownFileType = folder.assetcatalog; path = "Preview Assets.xcassets"; sourceTree = "<group>"; };
		A1B1C1D1E1F100000000001F /* HockeyDJ.xcdatamodel */ = {isa = PBXFileReference; lastKnownFileType = wrapper.xcdatamodel; path = HockeyDJ.xcdatamodel; sourceTree = "<group>"; };
		B1B1C1D1E1F1000000001000 /* HockeyDJTests.xctest */ = {isa = PBXFileReference; explicitFileType = wrapper.cfbundle; includeInIndex = 0; path = HockeyDJTests.xctest; sourceTree = BUILT_PRODUCTS_DIR; };
		B1B1C1D1E1F1000000001002 /* YouTubeMusicServiceLiveTests.swift */ = {isa = PBXFileReference; lastKnownFileType = sourcecode.swift; path = YouTubeMusicServiceLiveTests.swift; sourceTree = "<group>"; };
/* End PBXFileReference section */

/* Begin PBXContainerItemProxy section */
		B1B1C1D1E1F1000000001010 /* PBXContainerItemProxy */ = {
			isa = PBXContainerItemProxy;
			containerPortal = A1B1C1D1E1F100000000002C /* Project object */;
			proxyType = 1;
			remoteGlobalIDString = A1B1C1D1E1F1000000000028;
			remoteInfo = HockeyDJ;
		};
/* End PBXContainerItemProxy section */

/* Begin PBXFrameworksBuildPhase section */
		A1B1C1D1E1F1000000000020 /* Frameworks */ = {
			isa = PBXFrameworksBuildPhase;
			buildActionMask = 2147483647;
			files = (
			);
			runOnlyForDeploymentPostprocessing = 0;
		};
		B1B1C1D1E1F1000000001007 /* Frameworks */ = {
			isa = PBXFrameworksBuildPhase;
			buildActionMask = 2147483647;
			files = (
			);
			runOnlyForDeploymentPostprocessing = 0;
		};
/* End PBXFrameworksBuildPhase section */

/* Begin PBXGroup section */
		A1B1C1D1E1F1000000000021 = {
			isa = PBXGroup;
			children = (
				A1B1C1D1E1F1000000000022 /* HockeyDJ */,
				A1B1C1D1E1F1000000000023 /* Products */,
				B1B1C1D1E1F1000000001003 /* HockeyDJTests */,
			);
			sourceTree = "<group>";
		};
		A1B1C1D1E1F1000000000022 /* HockeyDJ */ = {
			isa = PBXGroup;
			children = (
				A1B1C1D1E1F1000000000011 /* HockeyDJApp.swift */,
				A1B1C1D1E1F1000000000012 /* ContentView.swift */,
				A1B1C1D1E1F1000000000013 /* Config.swift */,
				A1B1C1D1E1F1000000000024 /* Models */,
				A1B1C1D1E1F1000000000025 /* Views */,
				A1B1C1D1E1F1000000000026 /* Services */,
				A1B1C1D1E1F1000000000014 /* Persistence.swift */,
				A1B1C1D1E1F100000000001E /* HockeyDJ.xcdatamodeld */,
				A1B1C1D1E1F100000000001C /* Assets.xcassets */,
				A1B1C1D1E1F1000000000027 /* Preview Content */,
			);
			path = HockeyDJ;
			sourceTree = "<group>";
		};
		A1B1C1D1E1F1000000000023 /* Products */ = {
			isa = PBXGroup;
			children = (
				A1B1C1D1E1F1000000000010 /* HockeyDJ.app */,
				B1B1C1D1E1F1000000001000 /* HockeyDJTests.xctest */,
			);
			name = Products;
			sourceTree = "<group>";
		};
		A1B1C1D1E1F1000000000024 /* Models */ = {
			isa = PBXGroup;
			children = (
				A1B1C1D1E1F1000000000015 /* Song.swift */,
				A1B1C1D1E1F1000000000016 /* Playlist.swift */,
			);
			path = Models;
			sourceTree = "<group>";
		};
		A1B1C1D1E1F1000000000025 /* Views */ = {
			isa = PBXGroup;
			children = (
				A1B1C1D1E1F1000000000017 /* PlaylistView.swift */,
				A1B1C1D1E1F1000000000018 /* SongDetailView.swift */,
				A1B1C1D1E1F1000000000019 /* YouTubeMusicImportView.swift */,
			);
			path = Views;
			sourceTree = "<group>";
		};
		A1B1C1D1E1F1000000000026 /* Services */ = {
			isa = PBXGroup;
			children = (
				A1B1C1D1E1F100000000001A /* AudioPlayerManager.swift */,
				A1B1C1D1E1F100000000001B /* YouTubeMusicService.swift */,
			);
			path = Services;
			sourceTree = "<group>";
		};
		A1B1C1D1E1F1000000000027 /* Preview Content */ = {
			isa = PBXGroup;
			children = (
				A1B1C1D1E1F100000000001D /* Preview Assets.xcassets */,
			);
			path = "Preview Content";
			sourceTree = "<group>";
		};
		B1B1C1D1E1F1000000001003 /* HockeyDJTests */ = {
			isa = PBXGroup;
			children = (
				B1B1C1D1E1F1000000001002 /* YouTubeMusicServiceLiveTests.swift */,
			);
			path = HockeyDJTests;
			sourceTree = "<group>";
		};
/* End PBXGroup section */

/* Begin PBXNativeTarget section */
		A1B1C1D1E1F1000000000028 /* HockeyDJ */ = {
			isa = PBXNativeTarget;
			buildConfigurationList = A1B1C1D1E1F1000000000029 /* Build configuration list for PBXNativeTarget "HockeyDJ" */;
			buildPhases = (
				A1B1C1D1E1F100000000002A /* Sources */,
				A1B1C1D1E1F1000000000020 /* Frameworks */,
				A1B1C1D1E1F100000000002B /* Resources */,
			);
			buildRules = (
			);
			dependencies = (
			);
			name = HockeyDJ;
			productName = HockeyDJ;
			productReference = A1B1C1D1E1F1000000000010 /* HockeyDJ.app */;
			productType = "com.apple.product-type.application";
		};
		B1B1C1D1E1F1000000001004 /* HockeyDJTests */ = {
			isa = PBXNativeTarget;
			buildConfigurationList = B1B1C1D1E1F100000000100B /* Build configuration list for PBXNativeTarget "HockeyDJTests" */;
			buildPhases = (
				B1B1C1D1E1F1000000001005 /* Sources */,
				B1B1C1D1E1F1000000001007 /* Frameworks */,
				B1B1C1D1E1F1000000001006 /* Resources */,
			);
			buildRules = (
			);
			dependencies = (
				B1B1C1D1E1F100000000100F /* PBXTargetDependency */,
			);
			name = HockeyDJTests;
			productName = HockeyDJTests;
			productReference = B1B1C1D1E1F1000000001000 /* HockeyDJTests.xctest */;
			productType = "com.apple.product-type.bundle.unit-test";
		};
/* End PBXNativeTarget section */

/* Begin PBXProject section */
		A1B1C1D1E1F100000000002C /* Project object */ = {
			isa = PBXProject;
			attributes = {
				BuildIndependentTargetsInParallel = 1;
				LastSwiftUpdateCheck = 1500;
				LastUpgradeCheck = 1500;
				TargetAttributes = {
					A1B1C1D1E1F1000000000028 = {
						CreatedOnToolsVersion = 15.0;
					};
					B1B1C1D1E1F1000000001004 = {
						CreatedOnToolsVersion = 15.0;
						TestTargetID = A1B1C1D1E1F1000000000028;
					};
				};
			};
			buildConfigurationList = A1B1C1D1E1F100000000002D /* Build configuration list for PBXProject "HockeyDJ" */;
			compatibilityVersion = "Xcode 14.0";
			developmentRegion = en;
			hasScannedForEncodings = 0;
			knownRegions = (
				en,
				Base,
			);
			mainGroup = A1B1C1D1E1F1000000000021;
			productRefGroup = A1B1C1D1E1F1000000000023 /* Products */;
			projectDirPath = "";
			projectRoot = "";
			targets = (
				A1B1C1D1E1F1000000000028 /* HockeyDJ */,
				B1B1C1D1E1F1000000001004 /* HockeyDJTests */,
			);
		};
/* End PBXProject section */

/* Begin PBXResourcesBuildPhase section */
		A1B1C1D1E1F100000000002B /* Resources */ = {
			isa = PBXResourcesBuildPhase;
			buildActionMask = 2147483647;
			files = (
				A1B1C1D1E1F100000000000C /* Assets.xcassets in Resources */,
				A1B1C1D1E1F100000000000D /* Preview Assets.xcassets in Resources */,
			);
			runOnlyForDeploymentPostprocessing = 0;
		};
		B1B1C1D1E1F1000000001006 /* Resources */ = {
			isa = PBXResourcesBuildPhase;
			buildActionMask = 2147483647;
			files = (
			);
			runOnlyForDeploymentPostprocessing = 0;
		};
/* End PBXResourcesBuildPhase section */

/* Begin PBXSourcesBuildPhase section */
		A1B1C1D1E1F100000000002A /* Sources */ = {
			isa = PBXSourcesBuildPhase;
			buildActionMask = 2147483647;
			files = (
				A1B1C1D1E1F1000000000001 /* HockeyDJApp.swift in Sources */,
				A1B1C1D1E1F1000000000002 /* ContentView.swift in Sources */,
				A1B1C1D1E1F1000000000003 /* Config.swift in Sources */,
				A1B1C1D1E1F1000000000004 /* Persistence.swift in Sources */,
				A1B1C1D1E1F1000000000005 /* Song.swift in Sources */,
				A1B1C1D1E1F1000000000006 /* Playlist.swift in Sources */,
				A1B1C1D1E1F1000000000007 /* PlaylistView.swift in Sources */,
				A1B1C1D1E1F1000000000008 /* SongDetailView.swift in Sources */,
				A1B1C1D1E1F1000000000009 /* YouTubeMusicImportView.swift in Sources */,
				A1B1C1D1E1F100000000000A /* AudioPlayerManager.swift in Sources */,
				A1B1C1D1E1F100000000000B /* YouTubeMusicService.swift in Sources */,
				A1B1C1D1E1F100000000000E /* HockeyDJ.xcdatamodeld in Sources */,
			);
			runOnlyForDeploymentPostprocessing = 0;
		};
		B1B1C1D1E1F1000000001005 /* Sources */ = {
			isa = PBXSourcesBuildPhase;
			buildActionMask = 2147483647;
			files = (
				B1B1C1D1E1F1000000001001 /* YouTubeMusicServiceLiveTests.swift in Sources */,
			);
			runOnlyForDeploymentPostprocessing = 0;
		};
/* End PBXSourcesBuildPhase section */

/* Begin PBXTargetDependency section */
		B1B1C1D1E1F100000000100F /* PBXTargetDependency */ = {
			isa = PBXTargetDependency;
			target = A1B1C1D1E1F1000000000028 /* HockeyDJ */;
			targetProxy = B1B1C1D1E1F1000000001010 /* PBXContainerItemProxy */;
		};
/* End PBXTargetDependency section */

/* Begin XCBuildConfiguration section */
		A1B1C1D1E1F100000000002E /* Debug */ = {
			isa = XCBuildConfiguration;
			buildSettings = {
				ALWAYS_SEARCH_USER_PATHS = NO;
				ASSETCATALOG_COMPILER_GENERATE_SWIFT_ASSET_SYMBOL_EXTENSIONS = YES;
				CLANG_ANALYZER_NONNULL = YES;
				CLANG_ANALYZER_NUMBER_OBJECT_CONVERSION = YES_AGGRESSIVE;
				CLANG_CXX_LANGUAGE_STANDARD = "gnu++20";
				CLANG_ENABLE_MODULES = YES;
				CLANG_ENABLE_OBJC_ARC = YES;
				CLANG_ENABLE_OBJC_WEAK = YES;
				CLANG_WARN_BLOCK_CAPTURE_AUTORELEASING = YES;
				CLANG_WARN_BOOL_CONVERSION = YES;
				CLANG_WARN_COMMA = YES;
				CLANG_WARN_CONSTANT_CONVERSION = YES;
				CLANG_WARN_DEPRECATED_OBJC_IMPLEMENTATIONS = YES;
				CLANG_WARN_DIRECT_OBJC_ISA_USAGE = YES_ERROR;
				CLANG_WARN_DOCUMENTATION_COMMENTS = YES;
				CLANG_WARN_EMPTY_BODY = YES;
				CLANG_WARN_ENUM_CONVERSION = YES;
				CLANG_WARN_INFINITE_RECURSION = YES;
				CLANG_WARN_INT_CONVERSION = YES;
				CLANG_WARN_NON_LITERAL_NULL_CONVERSION = YES;
				CLANG_WARN_OBJC_IMPLICIT_RETAIN_SELF = YES;
				CLANG_WARN_OBJC_LITERAL_CONVERSION = YES;
				CLANG_WARN_OBJC_ROOT_CLASS = YES_ERROR;
				CLANG_WARN_QUOTED_INCLUDE_IN_FRAMEWORK_HEADER = YES;
				CLANG_WARN_RANGE_LOOP_ANALYSIS = YES;
				CLANG_WARN_STRICT_PROTOTYPES = YES;
				CLANG_WARN_SUSPICIOUS_MOVE = YES;
				CLANG_WARN_UNGUARDED_AVAILABILITY = YES_AGGRESSIVE;
				CLANG_WARN_UNREACHABLE_CODE = YES;
				CLANG_WARN__DUPLICATE_METHOD_MATCH = YES;
				COPY_PHASE_STRIP = NO;
				DEBUG_INFORMATION_FORMAT = dwarf;
				ENABLE_STRICT_OBJC_MSGSEND = YES;
				ENABLE_TESTABILITY = YES;
				ENABLE_USER_SCRIPT_SANDBOXING = YES;
				GCC_C_LANGUAGE_STANDARD = gnu17;
				GCC_DYNAMIC_NO_PIC = NO;
				GCC_NO_COMMON_BLOCKS = YES;
				GCC_OPTIMIZATION_LEVEL = 0;
				GCC_PREPROCESSOR_DEFINITIONS = (
					"DEBUG=1",
					"$(inherited)",
				);
				GCC_WARN_64_TO_32_BIT_CONVERSION = YES;
				GCC_WARN_ABOUT_RETURN_TYPE = YES_ERROR;
				GCC_WARN_UNDECLARED_SELECTOR = YES;
				GCC_WARN_UNINITIALIZED_AUTOS = YES_AGGRESSIVE;
				GCC_WARN_UNUSED_FUNCTION = YES;
				GCC_WARN_UNUSED_VARIABLE = YES;
				IPHONEOS_DEPLOYMENT_TARGET = 16.0;
				LOCALIZATION_PREFERS_STRING_CATALOGS = YES;
				MTL_ENABLE_DEBUG_INFO = INCLUDE_SOURCE;
				MTL_FAST_MATH = YES;
				ONLY_ACTIVE_ARCH = YES;
				SDKROOT = iphoneos;
				SWIFT_ACTIVE_COMPILATION_CONDITIONS = "DEBUG $(inherited)";
				SWIFT_OPTIMIZATION_LEVEL = "-Onone";
			};
			name = Debug;
		};
		A1B1C1D1E1F100000000002F /* Release */ = {
			isa = XCBuildConfiguration;
			buildSettings = {
				ALWAYS_SEARCH_USER_PATHS = NO;
				ASSETCATALOG_COMPILER_GENERATE_SWIFT_ASSET_SYMBOL_EXTENSIONS = YES;
				CLANG_ANALYZER_NONNULL = YES;
				CLANG_ANALYZER_NUMBER_OBJECT_CONVERSION = YES_AGGRESSIVE;
				CLANG_CXX_LANGUAGE_STANDARD = "gnu++20";
				CLANG_ENABLE_MODULES = YES;
				CLANG_ENABLE_OBJC_ARC = YES;
				CLANG_ENABLE_OBJC_WEAK = YES;
				CLANG_WARN_BLOCK_CAPTURE_AUTORELEASING = YES;
				CLANG_WARN_BOOL_CONVERSION = YES;
				CLANG_WARN_COMMA = YES;
				CLANG_WARN_CONSTANT_CONVERSION = YES;
				CLANG_WARN_DEPRECATED_OBJC_IMPLEMENTATIONS = YES;
				CLANG_WARN_DIRECT_OBJC_ISA_USAGE = YES_ERROR;
				CLANG_WARN_DOCUMENTATION_COMMENTS = YES;
				CLANG_WARN_EMPTY_BODY = YES;
				CLANG_WARN_ENUM_CONVERSION = YES;
				CLANG_WARN_INFINITE_RECURSION = YES;
				CLANG_WARN_INT_CONVERSION = YES;
				CLANG_WARN_NON_LITERAL_NULL_CONVERSION = YES;
				CLANG_WARN_OBJC_IMPLICIT_RETAIN_SELF = YES;
				CLANG_WARN_OBJC_LITERAL_CONVERSION = YES;
				CLANG_WARN_OBJC_ROOT_CLASS = YES_ERROR;
				CLANG_WARN_QUOTED_INCLUDE_IN_FRAMEWORK_HEADER = YES;
				CLANG_WARN_RANGE_LOOP_ANALYSIS = YES;
				CLANG_WARN_STRICT_PROTOTYPES = YES;
				CLANG_WARN_SUSPICIOUS_MOVE = YES;
				CLANG_WARN_UNGUARDED_AVAILABILITY = YES_AGGRESSIVE;
				CLANG_WARN_UNREACHABLE_CODE = YES;
				CLANG_WARN__DUPLICATE_METHOD_MATCH = YES;
				COPY_PHASE_STRIP = NO;
				DEBUG_INFORMATION_FORMAT = "dwarf-with-dsym";
				ENABLE_NS_ASSERTIONS = NO;
				ENABLE_STRICT_OBJC_MSGSEND = YES;
				ENABLE_USER_SCRIPT_SANDBOXING = YES;
				GCC_C_LANGUAGE_STANDARD = gnu17;
				GCC_NO_COMMON_BLOCKS = YES;
				GCC_WARN_64_TO_32_BIT_CONVERSION = YES;
				GCC_WARN_ABOUT_RETURN_TYPE = YES_ERROR;
				GCC_WARN_UNDECLARED_SELECTOR = YES;
				GCC_WARN_UNINITIALIZED_AUTOS = YES_AGGRESSIVE;
				GCC_WARN_UNUSED_FUNCTION = YES;
				GCC_WARN_UNUSED_VARIABLE = YES;
				IPHONEOS_DEPLOYMENT_TARGET = 16.0;
				LOCALIZATION_PREFERS_STRING_CATALOGS = YES;
				MTL_ENABLE_DEBUG_INFO = NO;
				MTL_FAST_MATH = YES;
				SDKROOT = iphoneos;
				SWIFT_COMPILATION_MODE = wholemodule;
				VALIDATE_PRODUCT = YES;
			};
			name = Release;
		};
		A1B1C1D1E1F1000000000030 /* Debug */ = {
			isa = XCBuildConfiguration;
			buildSettings = {
				ASSETCATALOG_COMPILER_APPICON_NAME = AppIcon;
				ASSETCATALOG_COMPILER_GLOBAL_ACCENT_COLOR_NAME = AccentColor;
				CODE_SIGN_STYLE = Automatic;
				CURRENT_PROJECT_VERSION = 1;
				DEVELOPMENT_ASSET_PATHS = "\"HockeyDJ/Preview Content\"";
				ENABLE_PREVIEWS = YES;
				GENERATE_INFOPLIST_FILE = YES;
				INFOPLIST_KEY_UIApplicationSceneManifest_Generation = YES;
				INFOPLIST_KEY_UIApplicationSupportsIndirectInputEvents = YES;
				INFOPLIST_KEY_UILaunchScreen_Generation = YES;
				INFOPLIST_KEY_UISupportedInterfaceOrientations = UIInterfaceOrientationPortrait;
				INFOPLIST_KEY_UISupportedInterfaceOrientations_iPad = "UIInterfaceOrientationLandscapeLeft UIInterfaceOrientationLandscapeRight UIInterfaceOrientationPortrait UIInterfaceOrientationPortraitUpsideDown";
				LD_RUNPATH_SEARCH_PATHS = (
					"$(inherited)",
					"@executable_path/Frameworks",
				);
				MARKETING_VERSION = 1.0;
				PRODUCT_BUNDLE_IDENTIFIER = com.hockeydj.HockeyDJ;
				PRODUCT_NAME = "$(TARGET_NAME)";
				SWIFT_EMIT_LOC_STRINGS = YES;
				SWIFT_VERSION = 5.0;
				TARGETED_DEVICE_FAMILY = "1,2";
			};
			name = Debug;
		};
		A1B1C1D1E1F1000000000031 /* Release */ = {
			isa = XCBuildConfiguration;
			buildSettings = {
				ASSETCATALOG_COMPILER_APPICON_NAME = AppIcon;
				ASSETCATALOG_COMPILER_GLOBAL_ACCENT_COLOR_NAME = AccentColor;
				CODE_SIGN_STYLE = Automatic;
				CURRENT_PROJECT_VERSION = 1;
				DEVELOPMENT_ASSET_PATHS = "\"HockeyDJ/Preview Content\"";
				ENABLE_PREVIEWS = YES;
				GENERATE_INFOPLIST_FILE = YES;
				INFOPLIST_KEY_UIApplicationSceneManifest_Generation = YES;
				INFOPLIST_KEY_UIApplicationSupportsIndirectInputEvents = YES;
				INFOPLIST_KEY_UILaunchScreen_Generation = YES;
				INFOPLIST_KEY_UISupportedInterfaceOrientations = UIInterfaceOrientationPortrait;
				INFOPLIST_KEY_UISupportedInterfaceOrientations_iPad = "UIInterfaceOrientationLandscapeLeft UIInterfaceOrientationLandscapeRight UIInterfaceOrientationPortrait UIInterfaceOrientationPortraitUpsideDown";
				LD_RUNPATH_SEARCH_PATHS = (
					"$(inherited)",
					"@executable_path/Frameworks",
				);
				MARKETING_VERSION = 1.0;
				PRODUCT_BUNDLE_IDENTIFIER = com.hockeydj.HockeyDJ;
				PRODUCT_NAME = "$(TARGET_NAME)";
				SWIFT_EMIT_LOC_STRINGS = YES;
				SWIFT_VERSION = 5.0;
				TARGETED_DEVICE_FAMILY = "1,2";
			};
			name = Release;
		};
		B1B1C1D1E1F1000000001008 /* Debug */ = {
			isa = XCBuildConfiguration;
			buildSettings = {
				BUNDLE_LOADER = "$(TEST_HOST)";
				CODE_SIGN_STYLE = Automatic;
				CURRENT_PROJECT_VERSION = 1;
				GENERATE_INFOPLIST_FILE = YES;
				IPHONEOS_DEPLOYMENT_TARGET = 16.0;
				MARKETING_VERSION = 1.0;
				PRODUCT_BUNDLE_IDENTIFIER = com.hockeydj.HockeyDJTests;
				PRODUCT_NAME = "$(TARGET_NAME)";
				SDKROOT = iphoneos;
				SWIFT_VERSION = 5.0;
				TARGETED_DEVICE_FAMILY = "1,2";
				TEST_HOST = "$(BUILT_PRODUCTS_DIR)/HockeyDJ.app/$(BUNDLE_EXECUTABLE_FOLDER_PATH)/HockeyDJ";
			};
			name = Debug;
		};
		B1B1C1D1E1F1000000001009 /* Release */ = {
			isa = XCBuildConfiguration;
			buildSettings = {
				BUNDLE_LOADER = "$(TEST_HOST)";
				CODE_SIGN_STYLE = Automatic;
				CURRENT_PROJECT_VERSION = 1;
				GENERATE_INFOPLIST_FILE = YES;
				IPHONEOS_DEPLOYMENT_TARGET = 16.0;
				MARKETING_VERSION = 1.0;
				PRODUCT_BUNDLE_IDENTIFIER = com.hockeydj.HockeyDJTests;
				PRODUCT_NAME = "$(TARGET_NAME)";
				SDKROOT = iphoneos;
				SWIFT_VERSION = 5.0;
				TARGETED_DEVICE_FAMILY = "1,2";
				TEST_HOST = "$(BUILT_PRODUCTS_DIR)/HockeyDJ.app/$(BUNDLE_EXECUTABLE_FOLDER_PATH)/HockeyDJ";
			};
			name = Release;
		};
/* End XCBuildConfiguration section */

/* Begin XCConfigurationList section */
		A1B1C1D1E1F1000000000029 /* Build configuration list for PBXNativeTarget "HockeyDJ" */ = {
			isa = XCConfigurationList;
			buildConfigurations = (
				A1B1C1D1E1F1000000000030 /* Debug */,
				A1B1C1D1E1F1000000000031 /* Release */,
			);
			defaultConfigurationIsVisible = 0;
			defaultConfigurationName = Release;
		};
		A1B1C1D1E1F100000000002D /* Build configuration list for PBXProject "HockeyDJ" */ = {
			isa = XCConfigurationList;
			buildConfigurations = (
				A1B1C1D1E1F100000000002E /* Debug */,
				A1B1C1D1E1F100000000002F /* Release */,
			);
			defaultConfigurationIsVisible = 0;
			defaultConfigurationName = Release;
		};
		B1B1C1D1E1F100000000100B /* Build configuration list for PBXNativeTarget "HockeyDJTests" */ = {
			isa = XCConfigurationList;
			buildConfigurations = (
				B1B1C1D1E1F1000000001008 /* Debug */,
				B1B1C1D1E1F1000000001009 /* Release */,
			);
			defaultConfigurationIsVisible = 0;
			defaultConfigurationName = Release;
		};
/* End XCConfigurationList section */

/* Begin XCVersionGroup section */
		A1B1C1D1E1F100000000001E /* HockeyDJ.xcdatamodeld */ = {
			isa = XCVersionGroup;
			children = (
				A1B1C1D1E1F100000000001F /* HockeyDJ.xcdatamodel */,
			);
			currentVersion = A1B1C1D1E1F100000000001F /* HockeyDJ.xcdatamodel */;
			path = HockeyDJ.xcdatamodeld;
			sourceTree = "<group>";
			versionGroupType = wrapper.xcdatamodel;
		};
/* End XCVersionGroup section */
	};
	rootObject = A1B1C1D1E1F100000000002C /* Project object */;
}
